
Microsoft Visual Studio Solution File, Format Version 12.00
# Visual Studio Version 17
VisualStudioVersion = 17.5.33530.505
MinimumVisualStudioVersion = 10.0.40219.1
Project("{FAE04EC0-301F-11D3-BF4B-00C04F79EFBC}") = "Feelfood", "Feelfood\Feelfood.csproj", "{C2B47153-6576-4FF0-8467-60F02F8DEFF0}"
EndProject
Global
	GlobalSection(SolutionConfigurationPlatforms) = preSolution
		Debug|Any CPU = Debug|Any CPU
		Release|Any CPU = Release|Any CPU
	EndGlobalSection
	GlobalSection(ProjectConfigurationPlatforms) = postSolution
		{C2B47153-6576-4FF0-8467-60F02F8DEFF0}.Debug|Any CPU.ActiveCfg = Debug|Any CPU
		{C2B47153-6576-4FF0-8467-60F02F8DEFF0}.Debug|Any CPU.Build.0 = Debug|Any CPU
		{C2B47153-6576-4FF0-8467-60F02F8DEFF0}.Release|Any CPU.ActiveCfg = Release|Any CPU
		{C2B47153-6576-4FF0-8467-60F02F8DEFF0}.Release|Any CPU.Build.0 = Release|Any CPU
	EndGlobalSection
	GlobalSection(SolutionProperties) = preSolution
		HideSolutionNode = FALSE
	EndGlobalSection
	GlobalSection(ExtensibilityGlobals) = postSolution
		SolutionGuid = {46308498-9753-4961-B602-7DD8B3BF260F}
	EndGlobalSection
EndGlobal
